
Microsoft Visual Studio Solution File, Format Version 12.00
# Visual Studio Version 17
VisualStudioVersion = 17.6.33723.286
MinimumVisualStudioVersion = 10.0.40219.1
Project("{FAE04EC0-301F-11D3-BF4B-00C04F79EFBC}") = "FavoriteMusicSQL", "FavoriteMusicSQL\FavoriteMusicSQL.csproj", "{D92F2DB2-B1DD-422B-9D2F-5CBB804160FF}"
EndProject
Global
	GlobalSection(SolutionConfigurationPlatforms) = preSolution
		Debug|Any CPU = Debug|Any CPU
		Release|Any CPU = Release|Any CPU
	EndGlobalSection
	GlobalSection(ProjectConfigurationPlatforms) = postSolution
		{D92F2DB2-B1DD-422B-9D2F-5CBB804160FF}.Debug|Any CPU.ActiveCfg = Debug|Any CPU
		{D92F2DB2-B1DD-422B-9D2F-5CBB804160FF}.Debug|Any CPU.Build.0 = Debug|Any CPU
		{D92F2DB2-B1DD-422B-9D2F-5CBB804160FF}.Release|Any CPU.ActiveCfg = Release|Any CPU
		{D92F2DB2-B1DD-422B-9D2F-5CBB804160FF}.Release|Any CPU.Build.0 = Release|Any CPU
	EndGlobalSection
	GlobalSection(SolutionProperties) = preSolution
		HideSolutionNode = FALSE
	EndGlobalSection
	GlobalSection(ExtensibilityGlobals) = postSolution
		SolutionGuid = {765D30C9-C89C-4611-8C0C-B1ECE7C398E5}
	EndGlobalSection
EndGlobal
